
Microsoft Visual Studio Solution File, Format Version 12.00
# Visual Studio Version 17
VisualStudioVersion = 17.5.33424.131
MinimumVisualStudioVersion = 10.0.40219.1
Project("{9A19103F-16F7-4668-BE54-9A1E7A4F7556}") = "DAM.Database", "DAM.Database\DAM.Database.csproj", "{ABA70F18-9B07-4407-83EB-AA4661429564}"
EndProject
Project("{9A19103F-16F7-4668-BE54-9A1E7A4F7556}") = "DAM.Bot", "DAM.Bot\DAM.Bot.csproj", "{D296A016-E357-4144-B62A-89DFB61B9D7A}"
EndProject
Project("{9A19103F-16F7-4668-BE54-9A1E7A4F7556}") = "DAM.Core", "DAM.Core\DAM.Core.csproj", "{F647627D-8BD2-428A-90E8-099568C238E1}"
EndProject
Project("{9A19103F-16F7-4668-BE54-9A1E7A4F7556}") = "DAM.Domain", "DAM.Domain\DAM.Domain.csproj", "{2DF2A8A8-32CB-4A0E-B454-30FE01B84583}"
EndProject
Project("{2150E333-8FDC-42A3-9474-1A3956D46DE8}") = "Infrastructure", "Infrastructure", "{FFA241C9-D169-4251-A67B-F06EE77C8D9B}"
EndProject
Project("{2150E333-8FDC-42A3-9474-1A3956D46DE8}") = "Presentation", "Presentation", "{A8104301-88C2-4E01-9ED2-C14BB1389A5E}"
EndProject
Project("{2150E333-8FDC-42A3-9474-1A3956D46DE8}") = "Domaine", "Domaine", "{67AF9E08-9807-47E2-A0B7-845069C7711F}"
EndProject
Project("{9A19103F-16F7-4668-BE54-9A1E7A4F7556}") = "DAM.Data", "DAM.Data\DAM.Data.csproj", "{D5328690-F763-4F7D-9256-61E03C803C89}"
EndProject
Project("{9A19103F-16F7-4668-BE54-9A1E7A4F7556}") = "DAM.Data.EntityFramework", "DAM.Data.EntityFramework\DAM.Data.EntityFramework.csproj", "{2984B985-57E0-4097-BC6D-0A9CA745D836}"
EndProject
Project("{9A19103F-16F7-4668-BE54-9A1E7A4F7556}") = "DAM.WebApp", "DAM.WebApp\DAM.WebApp.csproj", "{90B80A57-E2AE-41B9-A6AF-05B7D9675BD4}"
EndProject
Project("{2150E333-8FDC-42A3-9474-1A3956D46DE8}") = "Solution Items", "Solution Items", "{CF2AC0DF-6250-4681-B137-46CD838208D4}"
	ProjectSection(SolutionItems) = preProject
		.editorconfig = .editorconfig
		commands.json = commands.json
	EndProjectSection
EndProject
Project("{2150E333-8FDC-42A3-9474-1A3956D46DE8}") = "Ankama", "Ankama", "{4637CC84-3716-4079-9F15-9397945847CE}"
EndProject
Project("{9A19103F-16F7-4668-BE54-9A1E7A4F7556}") = "AnkamaWebClient", "AnkamaWebClient\AnkamaWebClient.csproj", "{772B27DC-6D2F-4B68-8B53-BEB491993AB9}"
EndProject
Project("{2150E333-8FDC-42A3-9474-1A3956D46DE8}") = "cicd", "cicd", "{14737604-1F7F-4A67-AE7B-6830222096E7}"
	ProjectSection(SolutionItems) = preProject
		..\.github\workflows\cd-pipeline.yml = ..\.github\workflows\cd-pipeline.yml
		..\.github\GitVersion.yml = ..\.github\GitVersion.yml
		..\.github\workflows\main-pipeline.yml = ..\.github\workflows\main-pipeline.yml
	EndProjectSection
EndProject
Project("{9A19103F-16F7-4668-BE54-9A1E7A4F7556}") = "DAM.Tool.DataMigrations", "DAM.Tool.DataMigrations\DAM.Tool.DataMigrations.csproj", "{9D2D520A-6861-42DB-894A-BC2FAC8F3017}"
EndProject
Global
	GlobalSection(SolutionConfigurationPlatforms) = preSolution
		Debug|Any CPU = Debug|Any CPU
		Release|Any CPU = Release|Any CPU
	EndGlobalSection
	GlobalSection(ProjectConfigurationPlatforms) = postSolution
		{ABA70F18-9B07-4407-83EB-AA4661429564}.Debug|Any CPU.ActiveCfg = Debug|Any CPU
		{ABA70F18-9B07-4407-83EB-AA4661429564}.Debug|Any CPU.Build.0 = Debug|Any CPU
		{ABA70F18-9B07-4407-83EB-AA4661429564}.Release|Any CPU.ActiveCfg = Release|Any CPU
		{ABA70F18-9B07-4407-83EB-AA4661429564}.Release|Any CPU.Build.0 = Release|Any CPU
		{D296A016-E357-4144-B62A-89DFB61B9D7A}.Debug|Any CPU.ActiveCfg = Debug|Any CPU
		{D296A016-E357-4144-B62A-89DFB61B9D7A}.Debug|Any CPU.Build.0 = Debug|Any CPU
		{D296A016-E357-4144-B62A-89DFB61B9D7A}.Release|Any CPU.ActiveCfg = Release|Any CPU
		{D296A016-E357-4144-B62A-89DFB61B9D7A}.Release|Any CPU.Build.0 = Release|Any CPU
		{F647627D-8BD2-428A-90E8-099568C238E1}.Debug|Any CPU.ActiveCfg = Debug|Any CPU
		{F647627D-8BD2-428A-90E8-099568C238E1}.Debug|Any CPU.Build.0 = Debug|Any CPU
		{F647627D-8BD2-428A-90E8-099568C238E1}.Release|Any CPU.ActiveCfg = Release|Any CPU
		{F647627D-8BD2-428A-90E8-099568C238E1}.Release|Any CPU.Build.0 = Release|Any CPU
		{2DF2A8A8-32CB-4A0E-B454-30FE01B84583}.Debug|Any CPU.ActiveCfg = Debug|Any CPU
		{2DF2A8A8-32CB-4A0E-B454-30FE01B84583}.Debug|Any CPU.Build.0 = Debug|Any CPU
		{2DF2A8A8-32CB-4A0E-B454-30FE01B84583}.Release|Any CPU.ActiveCfg = Release|Any CPU
		{2DF2A8A8-32CB-4A0E-B454-30FE01B84583}.Release|Any CPU.Build.0 = Release|Any CPU
		{D5328690-F763-4F7D-9256-61E03C803C89}.Debug|Any CPU.ActiveCfg = Debug|Any CPU
		{D5328690-F763-4F7D-9256-61E03C803C89}.Debug|Any CPU.Build.0 = Debug|Any CPU
		{D5328690-F763-4F7D-9256-61E03C803C89}.Release|Any CPU.ActiveCfg = Release|Any CPU
		{D5328690-F763-4F7D-9256-61E03C803C89}.Release|Any CPU.Build.0 = Release|Any CPU
		{2984B985-57E0-4097-BC6D-0A9CA745D836}.Debug|Any CPU.ActiveCfg = Debug|Any CPU
		{2984B985-57E0-4097-BC6D-0A9CA745D836}.Debug|Any CPU.Build.0 = Debug|Any CPU
		{2984B985-57E0-4097-BC6D-0A9CA745D836}.Release|Any CPU.ActiveCfg = Release|Any CPU
		{2984B985-57E0-4097-BC6D-0A9CA745D836}.Release|Any CPU.Build.0 = Release|Any CPU
		{90B80A57-E2AE-41B9-A6AF-05B7D9675BD4}.Debug|Any CPU.ActiveCfg = Debug|Any CPU
		{90B80A57-E2AE-41B9-A6AF-05B7D9675BD4}.Debug|Any CPU.Build.0 = Debug|Any CPU
		{90B80A57-E2AE-41B9-A6AF-05B7D9675BD4}.Release|Any CPU.ActiveCfg = Release|Any CPU
		{90B80A57-E2AE-41B9-A6AF-05B7D9675BD4}.Release|Any CPU.Build.0 = Release|Any CPU
		{772B27DC-6D2F-4B68-8B53-BEB491993AB9}.Debug|Any CPU.ActiveCfg = Debug|Any CPU
		{772B27DC-6D2F-4B68-8B53-BEB491993AB9}.Debug|Any CPU.Build.0 = Debug|Any CPU
		{772B27DC-6D2F-4B68-8B53-BEB491993AB9}.Release|Any CPU.ActiveCfg = Release|Any CPU
		{772B27DC-6D2F-4B68-8B53-BEB491993AB9}.Release|Any CPU.Build.0 = Release|Any CPU
		{9D2D520A-6861-42DB-894A-BC2FAC8F3017}.Debug|Any CPU.ActiveCfg = Debug|Any CPU
		{9D2D520A-6861-42DB-894A-BC2FAC8F3017}.Debug|Any CPU.Build.0 = Debug|Any CPU
		{9D2D520A-6861-42DB-894A-BC2FAC8F3017}.Release|Any CPU.ActiveCfg = Release|Any CPU
		{9D2D520A-6861-42DB-894A-BC2FAC8F3017}.Release|Any CPU.Build.0 = Release|Any CPU
	EndGlobalSection
	GlobalSection(SolutionProperties) = preSolution
		HideSolutionNode = FALSE
	EndGlobalSection
	GlobalSection(NestedProjects) = preSolution
		{ABA70F18-9B07-4407-83EB-AA4661429564} = {FFA241C9-D169-4251-A67B-F06EE77C8D9B}
		{D296A016-E357-4144-B62A-89DFB61B9D7A} = {A8104301-88C2-4E01-9ED2-C14BB1389A5E}
		{F647627D-8BD2-428A-90E8-099568C238E1} = {67AF9E08-9807-47E2-A0B7-845069C7711F}
		{2DF2A8A8-32CB-4A0E-B454-30FE01B84583} = {67AF9E08-9807-47E2-A0B7-845069C7711F}
		{D5328690-F763-4F7D-9256-61E03C803C89} = {FFA241C9-D169-4251-A67B-F06EE77C8D9B}
		{2984B985-57E0-4097-BC6D-0A9CA745D836} = {FFA241C9-D169-4251-A67B-F06EE77C8D9B}
		{90B80A57-E2AE-41B9-A6AF-05B7D9675BD4} = {A8104301-88C2-4E01-9ED2-C14BB1389A5E}
		{772B27DC-6D2F-4B68-8B53-BEB491993AB9} = {4637CC84-3716-4079-9F15-9397945847CE}
		{9D2D520A-6861-42DB-894A-BC2FAC8F3017} = {A8104301-88C2-4E01-9ED2-C14BB1389A5E}
	EndGlobalSection
	GlobalSection(ExtensibilityGlobals) = postSolution
		SolutionGuid = {A5514CF7-1F9B-4A84-966F-FF9B808CB143}
	EndGlobalSection
EndGlobal
